
Microsoft Visual Studio Solution File, Format Version 12.00
# Visual Studio Version 17
VisualStudioVersion = 17.9.34902.65
MinimumVisualStudioVersion = 10.0.40219.1
Project("{9A19103F-16F7-4668-BE54-9A1E7A4F7556}") = "PetHealthSys", "PetHealthSys.csproj", "{BDA8E6A2-330E-478E-9624-851825EFE31F}"
EndProject
Global
	GlobalSection(SolutionConfigurationPlatforms) = preSolution
		Debug|Any CPU = Debug|Any CPU
		Release|Any CPU = Release|Any CPU
	EndGlobalSection
	GlobalSection(ProjectConfigurationPlatforms) = postSolution
		{BDA8E6A2-330E-478E-9624-851825EFE31F}.Debug|Any CPU.ActiveCfg = Debug|Any CPU
		{BDA8E6A2-330E-478E-9624-851825EFE31F}.Debug|Any CPU.Build.0 = Debug|Any CPU
		{BDA8E6A2-330E-478E-9624-851825EFE31F}.Release|Any CPU.ActiveCfg = Release|Any CPU
		{BDA8E6A2-330E-478E-9624-851825EFE31F}.Release|Any CPU.Build.0 = Release|Any CPU
	EndGlobalSection
	GlobalSection(SolutionProperties) = preSolution
		HideSolutionNode = FALSE
	EndGlobalSection
	GlobalSection(ExtensibilityGlobals) = postSolution
		SolutionGuid = {632EDC0F-414F-4615-984C-6ACAC4D91E4C}
	EndGlobalSection
EndGlobal
